
Microsoft Visual Studio Solution File, Format Version 12.00
# Visual Studio Version 17
VisualStudioVersion = 17.11.35303.130
MinimumVisualStudioVersion = 10.0.40219.1
Project("{8BC9CEB8-8B4A-11D0-8D11-00A0C91BC942}") = "function_shablon_cpp", "function_shablon_cpp.vcxproj", "{6C385F67-A169-47EE-ABDB-9E28641EEC2C}"
EndProject
Global
	GlobalSection(SolutionConfigurationPlatforms) = preSolution
		Debug|x64 = Debug|x64
		Debug|x86 = Debug|x86
		Release|x64 = Release|x64
		Release|x86 = Release|x86
	EndGlobalSection
	GlobalSection(ProjectConfigurationPlatforms) = postSolution
		{6C385F67-A169-47EE-ABDB-9E28641EEC2C}.Debug|x64.ActiveCfg = Debug|x64
		{6C385F67-A169-47EE-ABDB-9E28641EEC2C}.Debug|x64.Build.0 = Debug|x64
		{6C385F67-A169-47EE-ABDB-9E28641EEC2C}.Debug|x86.ActiveCfg = Debug|Win32
		{6C385F67-A169-47EE-ABDB-9E28641EEC2C}.Debug|x86.Build.0 = Debug|Win32
		{6C385F67-A169-47EE-ABDB-9E28641EEC2C}.Release|x64.ActiveCfg = Release|x64
		{6C385F67-A169-47EE-ABDB-9E28641EEC2C}.Release|x64.Build.0 = Release|x64
		{6C385F67-A169-47EE-ABDB-9E28641EEC2C}.Release|x86.ActiveCfg = Release|Win32
		{6C385F67-A169-47EE-ABDB-9E28641EEC2C}.Release|x86.Build.0 = Release|Win32
	EndGlobalSection
	GlobalSection(SolutionProperties) = preSolution
		HideSolutionNode = FALSE
	EndGlobalSection
	GlobalSection(ExtensibilityGlobals) = postSolution
		SolutionGuid = {537BC109-F2B6-424B-A8E5-DE70656E2CF7}
	EndGlobalSection
EndGlobal
